
Microsoft Visual Studio Solution File, Format Version 12.00
# Visual Studio Version 17
VisualStudioVersion = 17.7.34018.315
MinimumVisualStudioVersion = 10.0.40219.1
Project("{FAE04EC0-301F-11D3-BF4B-00C04F79EFBC}") = "matriz6", "matriz6\matriz6.csproj", "{0847883D-4161-4B81-9409-613F78802686}"
EndProject
Global
	GlobalSection(SolutionConfigurationPlatforms) = preSolution
		Debug|Any CPU = Debug|Any CPU
		Release|Any CPU = Release|Any CPU
	EndGlobalSection
	GlobalSection(ProjectConfigurationPlatforms) = postSolution
		{0847883D-4161-4B81-9409-613F78802686}.Debug|Any CPU.ActiveCfg = Debug|Any CPU
		{0847883D-4161-4B81-9409-613F78802686}.Debug|Any CPU.Build.0 = Debug|Any CPU
		{0847883D-4161-4B81-9409-613F78802686}.Release|Any CPU.ActiveCfg = Release|Any CPU
		{0847883D-4161-4B81-9409-613F78802686}.Release|Any CPU.Build.0 = Release|Any CPU
	EndGlobalSection
	GlobalSection(SolutionProperties) = preSolution
		HideSolutionNode = FALSE
	EndGlobalSection
	GlobalSection(ExtensibilityGlobals) = postSolution
		SolutionGuid = {EE75A66F-4C24-47AB-BE93-FDA09A12D851}
	EndGlobalSection
EndGlobal
